
Microsoft Visual Studio Solution File, Format Version 12.00
# Visual Studio Version 17
VisualStudioVersion = 17.9.34902.65
MinimumVisualStudioVersion = 10.0.40219.1
Project("{9A19103F-16F7-4668-BE54-9A1E7A4F7556}") = "Demo", "Demo\Demo.csproj", "{BE356D7E-5781-4A76-A762-6AA4698F3F0B}"
EndProject
Project("{9A19103F-16F7-4668-BE54-9A1E7A4F7556}") = "p01 - ChetnoNechetno", "p01 - ChetnoNechetno\p01 - ChetnoNechetno.csproj", "{40F8BD1E-739E-4753-8789-3BE9041225D4}"
EndProject
Project("{9A19103F-16F7-4668-BE54-9A1E7A4F7556}") = "p02 - GreaterNumber", "p02 - GreaterNumber\p02 - GreaterNumber.csproj", "{D9F731AD-C38F-401F-8D65-2431383641DC}"
EndProject
Project("{9A19103F-16F7-4668-BE54-9A1E7A4F7556}") = "p05 - GuessPassword", "p05 - GuessPassword\p05 - GuessPassword.csproj", "{1531C8EA-8AC1-4FA2-BBCA-696CF393E9DE}"
EndProject
Project("{FAE04EC0-301F-11D3-BF4B-00C04F79EFBC}") = "p07 - Add_15_To_Time", "p06 - Add_15_To_Time\p07 - Add_15_To_Time.csproj", "{39E1F226-066D-4936-801B-5F80D2612B64}"
EndProject
Project("{9A19103F-16F7-4668-BE54-9A1E7A4F7556}") = "p06 - EdnakviDumi", "p06 - EdnakviDumi\p06 - EdnakviDumi.csproj", "{12F44FCA-C5D4-4DD4-B7F4-B21F300BE613}"
EndProject
Project("{9A19103F-16F7-4668-BE54-9A1E7A4F7556}") = "p08-Speed", "p08-Speed\p08-Speed.csproj", "{DF22253F-FEA8-4E63-9958-62137E4434B8}"
EndProject
Project("{9A19103F-16F7-4668-BE54-9A1E7A4F7556}") = "p09 - Gender", "p09 - Gender\p09 - Gender.csproj", "{DA809DC5-380B-44AC-9484-A5FBDCDB8391}"
EndProject
Project("{9A19103F-16F7-4668-BE54-9A1E7A4F7556}") = "p10 - FruitVegetable", "p10 - FruitVegetable\p10 - FruitVegetable.csproj", "{2D4B3FD2-A0AA-4359-A6E6-81D61E816F85}"
EndProject
Project("{9A19103F-16F7-4668-BE54-9A1E7A4F7556}") = "p11 - SmallShop", "p11 - SmallShop\p11 - SmallShop.csproj", "{1992DB97-7909-4FBD-AD51-38889029F4CF}"
EndProject
Project("{9A19103F-16F7-4668-BE54-9A1E7A4F7556}") = "p12 - InvalidNumber", "p12 - InvalidNumber\p12 - InvalidNumber.csproj", "{34C74EB8-AB8D-40E6-9012-9C08F67C6B41}"
EndProject
Project("{9A19103F-16F7-4668-BE54-9A1E7A4F7556}") = "p13 - AnimallClass", "p13 - AnimallClass\p13 - AnimallClass.csproj", "{1459B839-57EB-4F03-88B4-7BAEB7DAA968}"
EndProject
Project("{9A19103F-16F7-4668-BE54-9A1E7A4F7556}") = "p14 - Cinema", "p14 - Cinema\p14 - Cinema.csproj", "{E2AD7DEA-3EF9-40BA-BE0F-887B17E42F29}"
EndProject
Project("{9A19103F-16F7-4668-BE54-9A1E7A4F7556}") = "p15 - TransportPrice", "p15 - TransportPrice\p15 - TransportPrice.csproj", "{C2DACE74-8C18-4CC9-8C3E-B64107B1873E}"
EndProject
Project("{9A19103F-16F7-4668-BE54-9A1E7A4F7556}") = "p16 - PoolPipes", "p16 - PoolPipes\p16 - PoolPipes.csproj", "{56C97F91-23E5-41ED-B463-555FCCD3528C}"
EndProject
Project("{9A19103F-16F7-4668-BE54-9A1E7A4F7556}") = "p17 - SleepengCat", "p17 - SleepengCat\p17 - SleepengCat.csproj", "{1C43A41A-3B06-4D29-AD7F-D088759B6343}"
EndProject
Project("{FAE04EC0-301F-11D3-BF4B-00C04F79EFBC}") = "p18 - Rekolta", "p18 - Rekolta\p18 - Rekolta.csproj", "{97AE04C9-5C17-4486-9FE5-FAFB775A6960}"
EndProject
Project("{FAE04EC0-301F-11D3-BF4B-00C04F79EFBC}") = "p19 - NaVremeZaIzpit", "p19 - NaVremeZaIzpit\p19 - NaVremeZaIzpit.csproj", "{8C927A56-4242-490E-B7F3-2FB4EB47ED3A}"
EndProject
Project("{FAE04EC0-301F-11D3-BF4B-00C04F79EFBC}") = "p20 - Trip", "p20 - Trip\p20 - Trip.csproj", "{3414DF5E-736D-470C-B339-7910770D12A2}"
EndProject
Global
	GlobalSection(SolutionConfigurationPlatforms) = preSolution
		Debug|Any CPU = Debug|Any CPU
		Release|Any CPU = Release|Any CPU
	EndGlobalSection
	GlobalSection(ProjectConfigurationPlatforms) = postSolution
		{BE356D7E-5781-4A76-A762-6AA4698F3F0B}.Debug|Any CPU.ActiveCfg = Debug|Any CPU
		{BE356D7E-5781-4A76-A762-6AA4698F3F0B}.Debug|Any CPU.Build.0 = Debug|Any CPU
		{BE356D7E-5781-4A76-A762-6AA4698F3F0B}.Release|Any CPU.ActiveCfg = Release|Any CPU
		{BE356D7E-5781-4A76-A762-6AA4698F3F0B}.Release|Any CPU.Build.0 = Release|Any CPU
		{40F8BD1E-739E-4753-8789-3BE9041225D4}.Debug|Any CPU.ActiveCfg = Debug|Any CPU
		{40F8BD1E-739E-4753-8789-3BE9041225D4}.Debug|Any CPU.Build.0 = Debug|Any CPU
		{40F8BD1E-739E-4753-8789-3BE9041225D4}.Release|Any CPU.ActiveCfg = Release|Any CPU
		{40F8BD1E-739E-4753-8789-3BE9041225D4}.Release|Any CPU.Build.0 = Release|Any CPU
		{D9F731AD-C38F-401F-8D65-2431383641DC}.Debug|Any CPU.ActiveCfg = Debug|Any CPU
		{D9F731AD-C38F-401F-8D65-2431383641DC}.Debug|Any CPU.Build.0 = Debug|Any CPU
		{D9F731AD-C38F-401F-8D65-2431383641DC}.Release|Any CPU.ActiveCfg = Release|Any CPU
		{D9F731AD-C38F-401F-8D65-2431383641DC}.Release|Any CPU.Build.0 = Release|Any CPU
		{1531C8EA-8AC1-4FA2-BBCA-696CF393E9DE}.Debug|Any CPU.ActiveCfg = Debug|Any CPU
		{1531C8EA-8AC1-4FA2-BBCA-696CF393E9DE}.Debug|Any CPU.Build.0 = Debug|Any CPU
		{1531C8EA-8AC1-4FA2-BBCA-696CF393E9DE}.Release|Any CPU.ActiveCfg = Release|Any CPU
		{1531C8EA-8AC1-4FA2-BBCA-696CF393E9DE}.Release|Any CPU.Build.0 = Release|Any CPU
		{39E1F226-066D-4936-801B-5F80D2612B64}.Debug|Any CPU.ActiveCfg = Debug|Any CPU
		{39E1F226-066D-4936-801B-5F80D2612B64}.Debug|Any CPU.Build.0 = Debug|Any CPU
		{39E1F226-066D-4936-801B-5F80D2612B64}.Release|Any CPU.ActiveCfg = Release|Any CPU
		{39E1F226-066D-4936-801B-5F80D2612B64}.Release|Any CPU.Build.0 = Release|Any CPU
		{12F44FCA-C5D4-4DD4-B7F4-B21F300BE613}.Debug|Any CPU.ActiveCfg = Debug|Any CPU
		{12F44FCA-C5D4-4DD4-B7F4-B21F300BE613}.Debug|Any CPU.Build.0 = Debug|Any CPU
		{12F44FCA-C5D4-4DD4-B7F4-B21F300BE613}.Release|Any CPU.ActiveCfg = Release|Any CPU
		{12F44FCA-C5D4-4DD4-B7F4-B21F300BE613}.Release|Any CPU.Build.0 = Release|Any CPU
		{DF22253F-FEA8-4E63-9958-62137E4434B8}.Debug|Any CPU.ActiveCfg = Debug|Any CPU
		{DF22253F-FEA8-4E63-9958-62137E4434B8}.Debug|Any CPU.Build.0 = Debug|Any CPU
		{DF22253F-FEA8-4E63-9958-62137E4434B8}.Release|Any CPU.ActiveCfg = Release|Any CPU
		{DF22253F-FEA8-4E63-9958-62137E4434B8}.Release|Any CPU.Build.0 = Release|Any CPU
		{DA809DC5-380B-44AC-9484-A5FBDCDB8391}.Debug|Any CPU.ActiveCfg = Debug|Any CPU
		{DA809DC5-380B-44AC-9484-A5FBDCDB8391}.Debug|Any CPU.Build.0 = Debug|Any CPU
		{DA809DC5-380B-44AC-9484-A5FBDCDB8391}.Release|Any CPU.ActiveCfg = Release|Any CPU
		{DA809DC5-380B-44AC-9484-A5FBDCDB8391}.Release|Any CPU.Build.0 = Release|Any CPU
		{2D4B3FD2-A0AA-4359-A6E6-81D61E816F85}.Debug|Any CPU.ActiveCfg = Debug|Any CPU
		{2D4B3FD2-A0AA-4359-A6E6-81D61E816F85}.Debug|Any CPU.Build.0 = Debug|Any CPU
		{2D4B3FD2-A0AA-4359-A6E6-81D61E816F85}.Release|Any CPU.ActiveCfg = Release|Any CPU
		{2D4B3FD2-A0AA-4359-A6E6-81D61E816F85}.Release|Any CPU.Build.0 = Release|Any CPU
		{1992DB97-7909-4FBD-AD51-38889029F4CF}.Debug|Any CPU.ActiveCfg = Debug|Any CPU
		{1992DB97-7909-4FBD-AD51-38889029F4CF}.Debug|Any CPU.Build.0 = Debug|Any CPU
		{1992DB97-7909-4FBD-AD51-38889029F4CF}.Release|Any CPU.ActiveCfg = Release|Any CPU
		{1992DB97-7909-4FBD-AD51-38889029F4CF}.Release|Any CPU.Build.0 = Release|Any CPU
		{34C74EB8-AB8D-40E6-9012-9C08F67C6B41}.Debug|Any CPU.ActiveCfg = Debug|Any CPU
		{34C74EB8-AB8D-40E6-9012-9C08F67C6B41}.Debug|Any CPU.Build.0 = Debug|Any CPU
		{34C74EB8-AB8D-40E6-9012-9C08F67C6B41}.Release|Any CPU.ActiveCfg = Release|Any CPU
		{34C74EB8-AB8D-40E6-9012-9C08F67C6B41}.Release|Any CPU.Build.0 = Release|Any CPU
		{1459B839-57EB-4F03-88B4-7BAEB7DAA968}.Debug|Any CPU.ActiveCfg = Debug|Any CPU
		{1459B839-57EB-4F03-88B4-7BAEB7DAA968}.Debug|Any CPU.Build.0 = Debug|Any CPU
		{1459B839-57EB-4F03-88B4-7BAEB7DAA968}.Release|Any CPU.ActiveCfg = Release|Any CPU
		{1459B839-57EB-4F03-88B4-7BAEB7DAA968}.Release|Any CPU.Build.0 = Release|Any CPU
		{E2AD7DEA-3EF9-40BA-BE0F-887B17E42F29}.Debug|Any CPU.ActiveCfg = Debug|Any CPU
		{E2AD7DEA-3EF9-40BA-BE0F-887B17E42F29}.Debug|Any CPU.Build.0 = Debug|Any CPU
		{E2AD7DEA-3EF9-40BA-BE0F-887B17E42F29}.Release|Any CPU.ActiveCfg = Release|Any CPU
		{E2AD7DEA-3EF9-40BA-BE0F-887B17E42F29}.Release|Any CPU.Build.0 = Release|Any CPU
		{C2DACE74-8C18-4CC9-8C3E-B64107B1873E}.Debug|Any CPU.ActiveCfg = Debug|Any CPU
		{C2DACE74-8C18-4CC9-8C3E-B64107B1873E}.Debug|Any CPU.Build.0 = Debug|Any CPU
		{C2DACE74-8C18-4CC9-8C3E-B64107B1873E}.Release|Any CPU.ActiveCfg = Release|Any CPU
		{C2DACE74-8C18-4CC9-8C3E-B64107B1873E}.Release|Any CPU.Build.0 = Release|Any CPU
		{56C97F91-23E5-41ED-B463-555FCCD3528C}.Debug|Any CPU.ActiveCfg = Debug|Any CPU
		{56C97F91-23E5-41ED-B463-555FCCD3528C}.Debug|Any CPU.Build.0 = Debug|Any CPU
		{56C97F91-23E5-41ED-B463-555FCCD3528C}.Release|Any CPU.ActiveCfg = Release|Any CPU
		{56C97F91-23E5-41ED-B463-555FCCD3528C}.Release|Any CPU.Build.0 = Release|Any CPU
		{1C43A41A-3B06-4D29-AD7F-D088759B6343}.Debug|Any CPU.ActiveCfg = Debug|Any CPU
		{1C43A41A-3B06-4D29-AD7F-D088759B6343}.Debug|Any CPU.Build.0 = Debug|Any CPU
		{1C43A41A-3B06-4D29-AD7F-D088759B6343}.Release|Any CPU.ActiveCfg = Release|Any CPU
		{1C43A41A-3B06-4D29-AD7F-D088759B6343}.Release|Any CPU.Build.0 = Release|Any CPU
		{97AE04C9-5C17-4486-9FE5-FAFB775A6960}.Debug|Any CPU.ActiveCfg = Debug|Any CPU
		{97AE04C9-5C17-4486-9FE5-FAFB775A6960}.Debug|Any CPU.Build.0 = Debug|Any CPU
		{97AE04C9-5C17-4486-9FE5-FAFB775A6960}.Release|Any CPU.ActiveCfg = Release|Any CPU
		{97AE04C9-5C17-4486-9FE5-FAFB775A6960}.Release|Any CPU.Build.0 = Release|Any CPU
		{8C927A56-4242-490E-B7F3-2FB4EB47ED3A}.Debug|Any CPU.ActiveCfg = Debug|Any CPU
		{8C927A56-4242-490E-B7F3-2FB4EB47ED3A}.Debug|Any CPU.Build.0 = Debug|Any CPU
		{8C927A56-4242-490E-B7F3-2FB4EB47ED3A}.Release|Any CPU.ActiveCfg = Release|Any CPU
		{8C927A56-4242-490E-B7F3-2FB4EB47ED3A}.Release|Any CPU.Build.0 = Release|Any CPU
		{3414DF5E-736D-470C-B339-7910770D12A2}.Debug|Any CPU.ActiveCfg = Debug|Any CPU
		{3414DF5E-736D-470C-B339-7910770D12A2}.Debug|Any CPU.Build.0 = Debug|Any CPU
		{3414DF5E-736D-470C-B339-7910770D12A2}.Release|Any CPU.ActiveCfg = Release|Any CPU
		{3414DF5E-736D-470C-B339-7910770D12A2}.Release|Any CPU.Build.0 = Release|Any CPU
	EndGlobalSection
	GlobalSection(SolutionProperties) = preSolution
		HideSolutionNode = FALSE
	EndGlobalSection
	GlobalSection(ExtensibilityGlobals) = postSolution
		SolutionGuid = {CFB4F2DA-6FBD-4A72-A0C0-AED7827F5ADB}
	EndGlobalSection
EndGlobal
